
Microsoft Visual Studio Solution File, Format Version 12.00
# Visual Studio Version 17
VisualStudioVersion = 17.6.33723.286
MinimumVisualStudioVersion = 10.0.40219.1
Project("{FAE04EC0-301F-11D3-BF4B-00C04F79EFBC}") = "VostrikovaLab", "VostrikovaLab.csproj", "{5B5A685C-9E73-4278-ADAE-00C306E5DFAD}"
EndProject
Global
	GlobalSection(SolutionConfigurationPlatforms) = preSolution
		Debug|Any CPU = Debug|Any CPU
		Release|Any CPU = Release|Any CPU
	EndGlobalSection
	GlobalSection(ProjectConfigurationPlatforms) = postSolution
		{5B5A685C-9E73-4278-ADAE-00C306E5DFAD}.Debug|Any CPU.ActiveCfg = Debug|Any CPU
		{5B5A685C-9E73-4278-ADAE-00C306E5DFAD}.Debug|Any CPU.Build.0 = Debug|Any CPU
		{5B5A685C-9E73-4278-ADAE-00C306E5DFAD}.Release|Any CPU.ActiveCfg = Release|Any CPU
		{5B5A685C-9E73-4278-ADAE-00C306E5DFAD}.Release|Any CPU.Build.0 = Release|Any CPU
	EndGlobalSection
	GlobalSection(SolutionProperties) = preSolution
		HideSolutionNode = FALSE
	EndGlobalSection
	GlobalSection(ExtensibilityGlobals) = postSolution
		SolutionGuid = {CC205694-19BE-4251-B88A-064C9C33CF5B}
	EndGlobalSection
EndGlobal
